
Microsoft Visual Studio Solution File, Format Version 12.00
# Visual Studio 15
VisualStudioVersion = 15.0.28307.136
MinimumVisualStudioVersion = 10.0.40219.1
Project("{FAE04EC0-301F-11D3-BF4B-00C04F79EFBC}") = "RFIDProject", "RFIDProject\RFIDProject.csproj", "{31150EE8-5757-4DE2-9EF4-24448D8FEB80}"
EndProject
Project("{8BC9CEB8-8B4A-11D0-8D11-00A0C91BC942}") = "mfrc_test", "..\Code\아두이노_김태성\mfrc_test\mfrc_test.vcxproj", "{C5F80730-F44F-4478-BDAE-6634EFC2CA88}"
EndProject
Global
	GlobalSection(SolutionConfigurationPlatforms) = preSolution
		Debug|Any CPU = Debug|Any CPU
		Debug|x86 = Debug|x86
		Release|Any CPU = Release|Any CPU
		Release|x86 = Release|x86
	EndGlobalSection
	GlobalSection(ProjectConfigurationPlatforms) = postSolution
		{31150EE8-5757-4DE2-9EF4-24448D8FEB80}.Debug|Any CPU.ActiveCfg = Debug|Any CPU
		{31150EE8-5757-4DE2-9EF4-24448D8FEB80}.Debug|Any CPU.Build.0 = Debug|Any CPU
		{31150EE8-5757-4DE2-9EF4-24448D8FEB80}.Debug|x86.ActiveCfg = Debug|Any CPU
		{31150EE8-5757-4DE2-9EF4-24448D8FEB80}.Debug|x86.Build.0 = Debug|Any CPU
		{31150EE8-5757-4DE2-9EF4-24448D8FEB80}.Release|Any CPU.ActiveCfg = Release|Any CPU
		{31150EE8-5757-4DE2-9EF4-24448D8FEB80}.Release|Any CPU.Build.0 = Release|Any CPU
		{31150EE8-5757-4DE2-9EF4-24448D8FEB80}.Release|x86.ActiveCfg = Release|Any CPU
		{31150EE8-5757-4DE2-9EF4-24448D8FEB80}.Release|x86.Build.0 = Release|Any CPU
		{C5F80730-F44F-4478-BDAE-6634EFC2CA88}.Debug|Any CPU.ActiveCfg = Debug|Win32
		{C5F80730-F44F-4478-BDAE-6634EFC2CA88}.Debug|x86.ActiveCfg = Debug|Win32
		{C5F80730-F44F-4478-BDAE-6634EFC2CA88}.Debug|x86.Build.0 = Debug|Win32
		{C5F80730-F44F-4478-BDAE-6634EFC2CA88}.Release|Any CPU.ActiveCfg = Release|Win32
		{C5F80730-F44F-4478-BDAE-6634EFC2CA88}.Release|x86.ActiveCfg = Release|Win32
		{C5F80730-F44F-4478-BDAE-6634EFC2CA88}.Release|x86.Build.0 = Release|Win32
	EndGlobalSection
	GlobalSection(SolutionProperties) = preSolution
		HideSolutionNode = FALSE
	EndGlobalSection
	GlobalSection(ExtensibilityGlobals) = postSolution
		SolutionGuid = {840AF37D-DB3A-4AF6-8CB0-D04B68475642}
	EndGlobalSection
EndGlobal
